
Microsoft Visual Studio Solution File, Format Version 12.00
# Visual Studio Version 16
VisualStudioVersion = 16.0.31205.134
MinimumVisualStudioVersion = 10.0.40219.1
Project("{FAE04EC0-301F-11D3-BF4B-00C04F79EFBC}") = "fukuvHensyu", "fukuvHensyu\fukuvHensyu.csproj", "{FE04AAC1-80B1-4270-A538-100C6BFE502E}"
EndProject
Global
	GlobalSection(SolutionConfigurationPlatforms) = preSolution
		Debug|Any CPU = Debug|Any CPU
		Release|Any CPU = Release|Any CPU
	EndGlobalSection
	GlobalSection(ProjectConfigurationPlatforms) = postSolution
		{FE04AAC1-80B1-4270-A538-100C6BFE502E}.Debug|Any CPU.ActiveCfg = Debug|Any CPU
		{FE04AAC1-80B1-4270-A538-100C6BFE502E}.Debug|Any CPU.Build.0 = Debug|Any CPU
		{FE04AAC1-80B1-4270-A538-100C6BFE502E}.Release|Any CPU.ActiveCfg = Release|Any CPU
		{FE04AAC1-80B1-4270-A538-100C6BFE502E}.Release|Any CPU.Build.0 = Release|Any CPU
	EndGlobalSection
	GlobalSection(SolutionProperties) = preSolution
		HideSolutionNode = FALSE
	EndGlobalSection
	GlobalSection(ExtensibilityGlobals) = postSolution
		SolutionGuid = {E6861505-678C-46F0-8E00-76532178E94B}
	EndGlobalSection
EndGlobal
